
Microsoft Visual Studio Solution File, Format Version 12.00
Project("{FAE04EC0-301F-11D3-BF4B-00C04F79EFBC}") = "Api", "Api\Api.csproj", "{8038D51C-300F-420C-B3A4-09D2CF02B0F7}"
EndProject
Project("{FAE04EC0-301F-11D3-BF4B-00C04F79EFBC}") = "Core", "Core\Core.csproj", "{95071D53-4574-4FE1-ACD5-C4C44026E482}"
EndProject
Project("{FAE04EC0-301F-11D3-BF4B-00C04F79EFBC}") = "DAL", "DAL\DAL.csproj", "{34DF188A-93FC-488D-AD49-24D4C0E57C21}"
EndProject
Project("{FAE04EC0-301F-11D3-BF4B-00C04F79EFBC}") = "BLL", "BLL\BLL.csproj", "{676357A4-7049-4A06-A4E0-DAD5A9758309}"
EndProject
Project("{FAE04EC0-301F-11D3-BF4B-00C04F79EFBC}") = "BLLAbstractions", "BLLAbstractions\BLLAbstractions.csproj", "{1249F09D-8E31-4794-BFD6-B34E0077A219}"
EndProject
Project("{FAE04EC0-301F-11D3-BF4B-00C04F79EFBC}") = "DALAbstractions", "DALAbstractions\DALAbstractions.csproj", "{8BA0F85B-7290-4F18-9C32-9620058BBF7B}"
EndProject
Global
	GlobalSection(SolutionConfigurationPlatforms) = preSolution
		Debug|Any CPU = Debug|Any CPU
		Release|Any CPU = Release|Any CPU
	EndGlobalSection
	GlobalSection(ProjectConfigurationPlatforms) = postSolution
		{8038D51C-300F-420C-B3A4-09D2CF02B0F7}.Debug|Any CPU.ActiveCfg = Debug|Any CPU
		{8038D51C-300F-420C-B3A4-09D2CF02B0F7}.Debug|Any CPU.Build.0 = Debug|Any CPU
		{8038D51C-300F-420C-B3A4-09D2CF02B0F7}.Release|Any CPU.ActiveCfg = Release|Any CPU
		{8038D51C-300F-420C-B3A4-09D2CF02B0F7}.Release|Any CPU.Build.0 = Release|Any CPU
		{95071D53-4574-4FE1-ACD5-C4C44026E482}.Debug|Any CPU.ActiveCfg = Debug|Any CPU
		{95071D53-4574-4FE1-ACD5-C4C44026E482}.Debug|Any CPU.Build.0 = Debug|Any CPU
		{95071D53-4574-4FE1-ACD5-C4C44026E482}.Release|Any CPU.ActiveCfg = Release|Any CPU
		{95071D53-4574-4FE1-ACD5-C4C44026E482}.Release|Any CPU.Build.0 = Release|Any CPU
		{34DF188A-93FC-488D-AD49-24D4C0E57C21}.Debug|Any CPU.ActiveCfg = Debug|Any CPU
		{34DF188A-93FC-488D-AD49-24D4C0E57C21}.Debug|Any CPU.Build.0 = Debug|Any CPU
		{34DF188A-93FC-488D-AD49-24D4C0E57C21}.Release|Any CPU.ActiveCfg = Release|Any CPU
		{34DF188A-93FC-488D-AD49-24D4C0E57C21}.Release|Any CPU.Build.0 = Release|Any CPU
		{676357A4-7049-4A06-A4E0-DAD5A9758309}.Debug|Any CPU.ActiveCfg = Debug|Any CPU
		{676357A4-7049-4A06-A4E0-DAD5A9758309}.Debug|Any CPU.Build.0 = Debug|Any CPU
		{676357A4-7049-4A06-A4E0-DAD5A9758309}.Release|Any CPU.ActiveCfg = Release|Any CPU
		{676357A4-7049-4A06-A4E0-DAD5A9758309}.Release|Any CPU.Build.0 = Release|Any CPU
		{1249F09D-8E31-4794-BFD6-B34E0077A219}.Debug|Any CPU.ActiveCfg = Debug|Any CPU
		{1249F09D-8E31-4794-BFD6-B34E0077A219}.Debug|Any CPU.Build.0 = Debug|Any CPU
		{1249F09D-8E31-4794-BFD6-B34E0077A219}.Release|Any CPU.ActiveCfg = Release|Any CPU
		{1249F09D-8E31-4794-BFD6-B34E0077A219}.Release|Any CPU.Build.0 = Release|Any CPU
		{8BA0F85B-7290-4F18-9C32-9620058BBF7B}.Debug|Any CPU.ActiveCfg = Debug|Any CPU
		{8BA0F85B-7290-4F18-9C32-9620058BBF7B}.Debug|Any CPU.Build.0 = Debug|Any CPU
		{8BA0F85B-7290-4F18-9C32-9620058BBF7B}.Release|Any CPU.ActiveCfg = Release|Any CPU
		{8BA0F85B-7290-4F18-9C32-9620058BBF7B}.Release|Any CPU.Build.0 = Release|Any CPU
	EndGlobalSection
EndGlobal
